version = 1
revision = 3
requires-python = ">=3.14"

[[package]]
name = "babel"
version = "2.14.0"
source = { registry = "https://pypi.org/simple" }
sdist = { url = "https://files.pythonhosted.org/packages/e2/80/cfbe44a9085d112e983282ee7ca4c00429bc4d1ce86ee5f4e60259ddff7f/Babel-2.14.0.tar.gz", hash = "sha256:6919867db036398ba21eb5c7a0f6b28ab8cbc3ae7a73a44ebe34ae74a4e7d363", size = 10795622, upload-time = "2023-12-12T13:33:16.473Z" }
wheels = [
    { url = "https://files.pythonhosted.org/packages/0d/35/4196b21041e29a42dc4f05866d0c94fa26c9da88ce12c38c2265e42c82fb/Babel-2.14.0-py3-none-any.whl", hash = "sha256:efb1a25b7118e67ce3a259bed20545c29cb68be8ad2c784c83689981b7a57287", size = 11034798, upload-time = "2023-12-12T13:33:13.288Z" },
]

[[package]]
name = "certifi"
version = "2023.11.17"
source = { registry = "https://pypi.org/simple" }
sdist = { url = "https://files.pythonhosted.org/packages/d4/91/c89518dd4fe1f3a4e3f6ab7ff23cb00ef2e8c9adf99dacc618ad5e068e28/certifi-2023.11.17.tar.gz", hash = "sha256:9b469f3a900bf28dc19b8cfbf8019bf47f7fdd1a65a1d4ffb98fc14166beb4d1", size = 163637, upload-time = "2023-11-18T02:54:02.397Z" }
wheels = [
    { url = "https://files.pythonhosted.org/packages/64/62/428ef076be88fa93716b576e4a01f919d25968913e817077a386fcbe4f42/certifi-2023.11.17-py3-none-any.whl", hash = "sha256:e036ab49d5b79556f99cfc2d9320b34cfbe5be05c5871b51de9329f0603b0474", size = 162530, upload-time = "2023-11-18T02:54:00.083Z" },
]

[[package]]
name = "charset-normalizer"
version = "3.3.2"
source = { registry = "https://pypi.org/simple" }
sdist = { url = "https://files.pythonhosted.org/packages/63/09/c1bc53dab74b1816a00d8d030de5bf98f724c52c1635e07681d312f20be8/charset-normalizer-3.3.2.tar.gz", hash = "sha256:f30c3cb33b24454a82faecaf01b19c18562b1e89558fb6c56de4d9118a032fd5", size = 104809, upload-time = "2023-11-01T04:04:59.997Z" }
wheels = [
    { url = "https://files.pythonhosted.org/packages/28/76/e6222113b83e3622caa4bb41032d0b1bf785250607392e1b778aca0b8a7d/charset_normalizer-3.3.2-py3-none-any.whl", hash = "sha256:3e4d1f6587322d2788836a99c69062fbb091331ec940e02d12d179c1d53e25fc", size = 48543, upload-time = "2023-11-01T04:04:58.622Z" },
]

[[package]]
name = "click"
version = "8.1.7"
source = { registry = "https://pypi.org/simple" }
dependencies = [
    { name = "colorama", marker = "sys_platform == 'win32'" },
]
sdist = { url = "https://files.pythonhosted.org/packages/96/d3/f04c7bfcf5c1862a2a5b845c6b2b360488cf47af55dfa79c98f6a6bf98b5/click-8.1.7.tar.gz", hash = "sha256:ca9853ad459e787e2192211578cc907e7594e294c7ccc834310722b41b9ca6de", size = 336121, upload-time = "2023-08-17T17:29:11.868Z" }
wheels = [
    { url = "https://files.pythonhosted.org/packages/00/2e/d53fa4befbf2cfa713304affc7ca780ce4fc1fd8710527771b58311a3229/click-8.1.7-py3-none-any.whl", hash = "sha256:ae74fb96c20a0277a1d615f1e4d73c8414f5a98db8b799a7931d1582f3390c28", size = 97941, upload-time = "2023-08-17T17:29:10.08Z" },
]

[[package]]
name = "colorama"
version = "0.4.6"
source = { registry = "https://pypi.org/simple" }
sdist = { url = "https://files.pythonhosted.org/packages/d8/53/6f443c9a4a8358a93a6792e2acffb9d9d5cb0a5cfd8802644b7b1c9a02e4/colorama-0.4.6.tar.gz", hash = "sha256:08695f5cb7ed6e0531a20572697297273c47b8cae5a63ffc6d6ed5c201be6e44", size = 27697, upload-time = "2022-10-25T02:36:22.414Z" }
wheels = [
    { url = "https://files.pythonhosted.org/packages/d1/d6/3965ed04c63042e047cb6a3e6ed1a63a35087b6a609aa3a15ed8ac56c221/colorama-0.4.6-py2.py3-none-any.whl", hash = "sha256:4f1d9991f5acc0ca119f9d443620b77f9d6b33703e51011c16baf57afb285fc6", size = 25335, upload-time = "2022-10-25T02:36:20.889Z" },
]

[[package]]
name = "docs"
version = "0.1.0"
source = { virtual = "." }
dependencies = [
    { name = "babel" },
    { name = "certifi" },
    { name = "charset-normalizer" },
    { name = "click" },
    { name = "colorama" },
    { name = "ghp-import" },
    { name = "gitdb" },
    { name = "gitpython" },
    { name = "idna" },
    { name = "importlib-metadata" },
    { name = "importlib-resources" },
    { name = "jinja2" },
    { name = "markdown" },
    { name = "markupsafe" },
    { name = "mergedeep" },
    { name = "mike" },
    { name = "mkdocs" },
    { name = "mkdocs-glightbox" },
    { name = "mkdocs-material" },
    { name = "mkdocs-material-extensions" },
    { name = "mkdocs-rss-plugin" },
    { name = "mkdocs-snippet-plugin" },
    { name = "packaging" },
    { name = "paginate" },
    { name = "pathspec" },
    { name = "platformdirs" },
    { name = "pygments" },
    { name = "pymdown-extensions" },
    { name = "pyparsing" },
    { name = "python-dateutil" },
    { name = "pyyaml" },
    { name = "pyyaml-env-tag" },
    { name = "regex" },
    { name = "requests" },
    { name = "six" },
    { name = "smmap" },
    { name = "urllib3" },
    { name = "verspec" },
    { name = "watchdog" },
    { name = "zipp" },
]

[package.metadata]
requires-dist = [
    { name = "babel", specifier = "==2.14.0" },
    { name = "certifi", specifier = "==2023.11.17" },
    { name = "charset-normalizer", specifier = "==3.3.2" },
    { name = "click", specifier = "==8.1.7" },
    { name = "colorama", specifier = "==0.4.6" },
    { name = "ghp-import", specifier = "==2.1.0" },
    { name = "gitdb", specifier = "==4.0.11" },
    { name = "gitpython", specifier = "==3.1.41" },
    { name = "idna", specifier = "==3.6" },
    { name = "importlib-metadata", specifier = "==7.0.1" },
    { name = "importlib-resources", specifier = "==6.1.1" },
    { name = "jinja2", specifier = "==3.1.3" },
    { name = "markdown", specifier = "==3.5.2" },
    { name = "markupsafe", specifier = "==2.1.3" },
    { name = "mergedeep", specifier = "==1.3.4" },
    { name = "mike", specifier = "==2.0.0" },
    { name = "mkdocs", specifier = "==1.5.3" },
    { name = "mkdocs-glightbox", specifier = "==0.3.7" },
    { name = "mkdocs-material", specifier = "==9.5.3" },
    { name = "mkdocs-material-extensions", specifier = "==1.3.1" },
    { name = "mkdocs-rss-plugin", specifier = "==1.12.1" },
    { name = "mkdocs-snippet-plugin", specifier = "==1.0.2" },
    { name = "packaging", specifier = "==23.2" },
    { name = "paginate", specifier = "==0.5.6" },
    { name = "pathspec", specifier = "==0.12.1" },
    { name = "platformdirs", specifier = "==4.1.0" },
    { name = "pygments", specifier = "==2.17.2" },
    { name = "pymdown-extensions", specifier = "==10.7" },
    { name = "pyparsing", specifier = "==3.1.1" },
    { name = "python-dateutil", specifier = "==2.8.2" },
    { name = "pyyaml", specifier = "==6.0.1" },
    { name = "pyyaml-env-tag", specifier = "==0.1" },
    { name = "regex", specifier = "==2023.12.25" },
    { name = "requests", specifier = "==2.31.0" },
    { name = "six", specifier = "==1.16.0" },
    { name = "smmap", specifier = "==5.0.1" },
    { name = "urllib3", specifier = "==2.1.0" },
    { name = "verspec", specifier = "==0.1.0" },
    { name = "watchdog", specifier = "==3.0.0" },
    { name = "zipp", specifier = "==3.17.0" },
]

[[package]]
name = "ghp-import"
version = "2.1.0"
source = { registry = "https://pypi.org/simple" }
dependencies = [
    { name = "python-dateutil" },
]
sdist = { url = "https://files.pythonhosted.org/packages/d9/29/d40217cbe2f6b1359e00c6c307bb3fc876ba74068cbab3dde77f03ca0dc4/ghp-import-2.1.0.tar.gz", hash = "sha256:9c535c4c61193c2df8871222567d7fd7e5014d835f97dc7b7439069e2413d343", size = 10943, upload-time = "2022-05-02T15:47:16.11Z" }
wheels = [
    { url = "https://files.pythonhosted.org/packages/f7/ec/67fbef5d497f86283db54c22eec6f6140243aae73265799baaaa19cd17fb/ghp_import-2.1.0-py3-none-any.whl", hash = "sha256:8337dd7b50877f163d4c0289bc1f1c7f127550241988d568c1db512c4324a619", size = 11034, upload-time = "2022-05-02T15:47:14.552Z" },
]

[[package]]
name = "gitdb"
version = "4.0.11"
source = { registry = "https://pypi.org/simple" }
dependencies = [
    { name = "smmap" },
]
sdist = { url = "https://files.pythonhosted.org/packages/19/0d/bbb5b5ee188dec84647a4664f3e11b06ade2bde568dbd489d9d64adef8ed/gitdb-4.0.11.tar.gz", hash = "sha256:bf5421126136d6d0af55bc1e7c1af1c397a34f5b7bd79e776cd3e89785c2b04b", size = 394469, upload-time = "2023-10-20T07:43:19.146Z" }
wheels = [
    { url = "https://files.pythonhosted.org/packages/fd/5b/8f0c4a5bb9fd491c277c21eff7ccae71b47d43c4446c9d0c6cff2fe8c2c4/gitdb-4.0.11-py3-none-any.whl", hash = "sha256:81a3407ddd2ee8df444cbacea00e2d038e40150acfa3001696fe0dcf1d3adfa4", size = 62721, upload-time = "2023-10-20T07:43:16.712Z" },
]

[[package]]
name = "gitpython"
version = "3.1.41"
source = { registry = "https://pypi.org/simple" }
dependencies = [
    { name = "gitdb" },
]
sdist = { url = "https://files.pythonhosted.org/packages/e5/c2/6e3a26945a7ff7cf2854b8825026cf3f22ac8e18285bc11b6b1ceeb8dc3f/GitPython-3.1.41.tar.gz", hash = "sha256:ed66e624884f76df22c8e16066d567aaa5a37d5b5fa19db2c6df6f7156db9048", size = 209029, upload-time = "2024-01-10T12:15:19.596Z" }
wheels = [
    { url = "https://files.pythonhosted.org/packages/45/c6/a637a7a11d4619957cb95ca195168759a4502991b1b91c13d3203ffc3748/GitPython-3.1.41-py3-none-any.whl", hash = "sha256:c36b6634d069b3f719610175020a9aed919421c87552185b085e04fbbdb10b7c", size = 196354, upload-time = "2024-01-10T12:15:16.135Z" },
]

[[package]]
name = "idna"
version = "3.6"
source = { registry = "https://pypi.org/simple" }
sdist = { url = "https://files.pythonhosted.org/packages/bf/3f/ea4b9117521a1e9c50344b909be7886dd00a519552724809bb1f486986c2/idna-3.6.tar.gz", hash = "sha256:9ecdbbd083b06798ae1e86adcbfe8ab1479cf864e4ee30fe4e46a003d12491ca", size = 175426, upload-time = "2023-11-25T15:40:54.902Z" }
wheels = [
    { url = "https://files.pythonhosted.org/packages/c2/e7/a82b05cf63a603df6e68d59ae6a68bf5064484a0718ea5033660af4b54a9/idna-3.6-py3-none-any.whl", hash = "sha256:c05567e9c24a6b9faaa835c4821bad0590fbb9d5779e7caa6e1cc4978e7eb24f", size = 61567, upload-time = "2023-11-25T15:40:52.604Z" },
]

[[package]]
name = "importlib-metadata"
version = "7.0.1"
source = { registry = "https://pypi.org/simple" }
dependencies = [
    { name = "zipp" },
]
sdist = { url = "https://files.pythonhosted.org/packages/90/b4/206081fca69171b4dc1939e77b378a7b87021b0f43ce07439d49d8ac5c84/importlib_metadata-7.0.1.tar.gz", hash = "sha256:f238736bb06590ae52ac1fab06a3a9ef1d8dce2b7a35b5ab329371d6c8f5d2cc", size = 50537, upload-time = "2023-12-22T17:17:22.401Z" }
wheels = [
    { url = "https://files.pythonhosted.org/packages/c0/8b/d8427f023c081a8303e6ac7209c16e6878f2765d5b59667f3903fbcfd365/importlib_metadata-7.0.1-py3-none-any.whl", hash = "sha256:4805911c3a4ec7c3966410053e9ec6a1fecd629117df5adee56dfc9432a1081e", size = 23450, upload-time = "2023-12-22T17:17:19.891Z" },
]

[[package]]
name = "importlib-resources"
version = "6.1.1"
source = { registry = "https://pypi.org/simple" }
sdist = { url = "https://files.pythonhosted.org/packages/d4/06/402fb5efbe634881341ff30220798c4c5e448ca57c068108c4582c692160/importlib_resources-6.1.1.tar.gz", hash = "sha256:3893a00122eafde6894c59914446a512f728a0c1a45f9bb9b63721b6bacf0b4a", size = 38620, upload-time = "2023-11-07T00:46:33.131Z" }
wheels = [
    { url = "https://files.pythonhosted.org/packages/93/e8/facde510585869b5ec694e8e0363ffe4eba067cb357a8398a55f6a1f8023/importlib_resources-6.1.1-py3-none-any.whl", hash = "sha256:e8bf90d8213b486f428c9c39714b920041cb02c184686a3dee24905aaa8105d6", size = 33227, upload-time = "2023-11-07T00:46:31.264Z" },
]

[[package]]
name = "jinja2"
version = "3.1.3"
source = { registry = "https://pypi.org/simple" }
dependencies = [
    { name = "markupsafe" },
]
sdist = { url = "https://files.pythonhosted.org/packages/b2/5e/3a21abf3cd467d7876045335e681d276ac32492febe6d98ad89562d1a7e1/Jinja2-3.1.3.tar.gz", hash = "sha256:ac8bd6544d4bb2c9792bf3a159e80bba8fda7f07e81bc3aed565432d5925ba90", size = 268261, upload-time = "2024-01-10T23:12:21.133Z" }
wheels = [
    { url = "https://files.pythonhosted.org/packages/30/6d/6de6be2d02603ab56e72997708809e8a5b0fbfee080735109b40a3564843/Jinja2-3.1.3-py3-none-any.whl", hash = "sha256:7d6d50dd97d52cbc355597bd845fabfbac3f551e1f99619e39a35ce8c370b5fa", size = 133236, upload-time = "2024-01-10T23:12:19.504Z" },
]

[[package]]
name = "markdown"
version = "3.5.2"
source = { registry = "https://pypi.org/simple" }
sdist = { url = "https://files.pythonhosted.org/packages/11/28/c5441a6642681d92de56063fa7984df56f783d3f1eba518dc3e7a253b606/Markdown-3.5.2.tar.gz", hash = "sha256:e1ac7b3dc550ee80e602e71c1d168002f062e49f1b11e26a36264dafd4df2ef8", size = 349398, upload-time = "2024-01-10T15:19:38.261Z" }
wheels = [
    { url = "https://files.pythonhosted.org/packages/42/f4/f0031854de10a0bc7821ef9fca0b92ca0d7aa6fbfbf504c5473ba825e49c/Markdown-3.5.2-py3-none-any.whl", hash = "sha256:d43323865d89fc0cb9b20c75fc8ad313af307cc087e84b657d9eec768eddeadd", size = 103870, upload-time = "2024-01-10T15:19:36.071Z" },
]

[[package]]
name = "markupsafe"
version = "2.1.3"
source = { registry = "https://pypi.org/simple" }
sdist = { url = "https://files.pythonhosted.org/packages/6d/7c/59a3248f411813f8ccba92a55feaac4bf360d29e2ff05ee7d8e1ef2d7dbf/MarkupSafe-2.1.3.tar.gz", hash = "sha256:af598ed32d6ae86f1b747b82783958b1a4ab8f617b06fe68795c7f026abbdcad", size = 19132, upload-time = "2023-06-02T21:43:45.578Z" }

[[package]]
name = "mergedeep"
version = "1.3.4"
source = { registry = "https://pypi.org/simple" }
sdist = { url = "https://files.pythonhosted.org/packages/3a/41/580bb4006e3ed0361b8151a01d324fb03f420815446c7def45d02f74c270/mergedeep-1.3.4.tar.gz", hash = "sha256:0096d52e9dad9939c3d975a774666af186eda617e6ca84df4c94dec30004f2a8", size = 4661, upload-time = "2021-02-05T18:55:30.623Z" }
wheels = [
    { url = "https://files.pythonhosted.org/packages/2c/19/04f9b178c2d8a15b076c8b5140708fa6ffc5601fb6f1e975537072df5b2a/mergedeep-1.3.4-py3-none-any.whl", hash = "sha256:70775750742b25c0d8f36c55aed03d24c3384d17c951b3175d898bd778ef0307", size = 6354, upload-time = "2021-02-05T18:55:29.583Z" },
]

[[package]]
name = "mike"
version = "2.0.0"
source = { registry = "https://pypi.org/simple" }
dependencies = [
    { name = "importlib-metadata" },
    { name = "importlib-resources" },
    { name = "jinja2" },
    { name = "mkdocs" },
    { name = "pyparsing" },
    { name = "pyyaml" },
    { name = "verspec" },
]
sdist = { url = "https://files.pythonhosted.org/packages/69/86/fe79ca89ad1a393a9129b3ab77649dbe542103a76c92d2d68ac9f0da496c/mike-2.0.0.tar.gz", hash = "sha256:566f1cab1a58cc50b106fb79ea2f1f56e7bfc8b25a051e95e6eaee9fba0922de", size = 36999, upload-time = "2023-11-02T21:34:50.748Z" }
wheels = [
    { url = "https://files.pythonhosted.org/packages/d5/cc/ba256481682f20b38d6d69150d0cfa09c8b5cc6865240764ab80516286cb/mike-2.0.0-py3-none-any.whl", hash = "sha256:87f496a65900f93ba92d72940242b65c86f3f2f82871bc60ebdcffc91fad1d9e", size = 32976, upload-time = "2023-11-02T21:34:48.759Z" },
]

[[package]]
name = "mkdocs"
version = "1.5.3"
source = { registry = "https://pypi.org/simple" }
dependencies = [
    { name = "click" },
    { name = "colorama", marker = "sys_platform == 'win32'" },
    { name = "ghp-import" },
    { name = "jinja2" },
    { name = "markdown" },
    { name = "markupsafe" },
    { name = "mergedeep" },
    { name = "packaging" },
    { name = "pathspec" },
    { name = "platformdirs" },
    { name = "pyyaml" },
    { name = "pyyaml-env-tag" },
    { name = "watchdog" },
]
sdist = { url = "https://files.pythonhosted.org/packages/ed/bb/24a22f8154cf79b07b45da070633613837d6e59c7d870076f693b7b1c556/mkdocs-1.5.3.tar.gz", hash = "sha256:eb7c99214dcb945313ba30426c2451b735992c73c2e10838f76d09e39ff4d0e2", size = 3654364, upload-time = "2023-09-18T21:26:11.452Z" }
wheels = [
    { url = "https://files.pythonhosted.org/packages/89/58/aa3301b23966a71d7f8e55233f467b3cec94a651434e9cd9053811342539/mkdocs-1.5.3-py3-none-any.whl", hash = "sha256:3b3a78e736b31158d64dbb2f8ba29bd46a379d0c6e324c2246c3bc3d2189cfc1", size = 3694750, upload-time = "2023-09-18T21:26:09.089Z" },
]

[[package]]
name = "mkdocs-glightbox"
version = "0.3.7"
source = { registry = "https://pypi.org/simple" }
sdist = { url = "https://files.pythonhosted.org/packages/f0/5a/d38df54137a7ce2a438af5e1727f205ce97897a826c39674117aa5b185c3/mkdocs-glightbox-0.3.7.tar.gz", hash = "sha256:4e890140a97dd4ad128cb92174384bd0ac33adec3304bbd2b7c48d0847685c4f", size = 31054, upload-time = "2024-01-24T15:16:48.138Z" }
wheels = [
    { url = "https://files.pythonhosted.org/packages/89/a8/925e926ae9125131b713f6b233e1f91e1aed4f0f730bb5fd9543ccbb0f2a/mkdocs_glightbox-0.3.7-py3-none-any.whl", hash = "sha256:9659631a9829d93d8fb0ce3a20a10261c258605ba4dc87a3b7b5d847b93a276d", size = 30504, upload-time = "2024-01-24T15:16:46.245Z" },
]

[[package]]
name = "mkdocs-material"
version = "9.5.3"
source = { registry = "https://pypi.org/simple" }
dependencies = [
    { name = "babel" },
    { name = "colorama" },
    { name = "jinja2" },
    { name = "markdown" },
    { name = "mkdocs" },
    { name = "mkdocs-material-extensions" },
    { name = "paginate" },
    { name = "pygments" },
    { name = "pymdown-extensions" },
    { name = "regex" },
    { name = "requests" },
]
sdist = { url = "https://files.pythonhosted.org/packages/7b/90/e8900d78d50df75fc32f5e9a9d2b81825ab2b5fb1e1a728e01dcff02c1ca/mkdocs_material-9.5.3.tar.gz", hash = "sha256:5899219f422f0a6de784232d9d40374416302ffae3c160cacc72969fcc1ee372", size = 3969862, upload-time = "2023-12-23T20:34:03.219Z" }
wheels = [
    { url = "https://files.pythonhosted.org/packages/61/23/b4f7b777d42685df9f6ed21eed52938959a6790690ce9bf2c73769790658/mkdocs_material-9.5.3-py3-none-any.whl", hash = "sha256:76c93a8525cceb0b395b9cedab3428bf518cf6439adef2b940f1c1574b775d89", size = 8563326, upload-time = "2023-12-23T20:33:57.599Z" },
]

[[package]]
name = "mkdocs-material-extensions"
version = "1.3.1"
source = { registry = "https://pypi.org/simple" }
sdist = { url = "https://files.pythonhosted.org/packages/79/9b/9b4c96d6593b2a541e1cb8b34899a6d021d208bb357042823d4d2cabdbe7/mkdocs_material_extensions-1.3.1.tar.gz", hash = "sha256:10c9511cea88f568257f960358a467d12b970e1f7b2c0e5fb2bb48cab1928443", size = 11847, upload-time = "2023-11-22T19:09:45.208Z" }
wheels = [
    { url = "https://files.pythonhosted.org/packages/5b/54/662a4743aa81d9582ee9339d4ffa3c8fd40a4965e033d77b9da9774d3960/mkdocs_material_extensions-1.3.1-py3-none-any.whl", hash = "sha256:adff8b62700b25cb77b53358dad940f3ef973dd6db797907c49e3c2ef3ab4e31", size = 8728, upload-time = "2023-11-22T19:09:43.465Z" },
]

[[package]]
name = "mkdocs-rss-plugin"
version = "1.12.1"
source = { registry = "https://pypi.org/simple" }
dependencies = [
    { name = "gitpython" },
    { name = "mkdocs" },
    { name = "tzdata", marker = "sys_platform == 'win32'" },
]
sdist = { url = "https://files.pythonhosted.org/packages/33/8b/89350d922bfa941a9e4879127d3a657c8109d598ec9f50862a416769cbce/mkdocs-rss-plugin-1.12.1.tar.gz", hash = "sha256:5df9bddfdc1465623def1b14c2656c5e8f62fa7c8bd1c0c667e01fc86105d415", size = 28953, upload-time = "2024-02-14T17:30:43.761Z" }
wheels = [
    { url = "https://files.pythonhosted.org/packages/76/1d/27cd02d5e7081e52a6bf871dafac52805682c53d612b88826a6e0df0d6fb/mkdocs_rss_plugin-1.12.1-py2.py3-none-any.whl", hash = "sha256:acfb8eec95f1db389b36770baf99af3b87e38484cc37993194a35aa173eb3fe8", size = 25113, upload-time = "2024-02-14T17:30:41.927Z" },
]

[[package]]
name = "mkdocs-snippet-plugin"
version = "1.0.2"
source = { registry = "https://pypi.org/simple" }
dependencies = [
    { name = "gitpython" },
    { name = "mkdocs" },
]
sdist = { url = "https://files.pythonhosted.org/packages/8d/1a/3d2b0861f47792efb18b5c77848398db75acdd6a677acb6d30b7a2f6cc78/mkdocs-snippet-plugin-1.0.2.tar.gz", hash = "sha256:df14858d648e8bd90736d02e2c202194d4ccb25e783fdf5e6d10afebd4eceae9", size = 3317, upload-time = "2020-06-04T16:31:13.252Z" }
wheels = [
    { url = "https://files.pythonhosted.org/packages/55/14/2b7e88ab9ae3a2f2a78bebe4e60e9133a5adf855a73f7eb29dd3851a4783/mkdocs_snippet_plugin-1.0.2-py3-none-any.whl", hash = "sha256:c8436a989464b7b5636697cfa2c469ce8e5efaa14e138ab77f526ec293d2a111", size = 4483, upload-time = "2020-06-04T16:31:12.467Z" },
]

[[package]]
name = "packaging"
version = "23.2"
source = { registry = "https://pypi.org/simple" }
sdist = { url = "https://files.pythonhosted.org/packages/fb/2b/9b9c33ffed44ee921d0967086d653047286054117d584f1b1a7c22ceaf7b/packaging-23.2.tar.gz", hash = "sha256:048fb0e9405036518eaaf48a55953c750c11e1a1b68e0dd1a9d62ed0c092cfc5", size = 146714, upload-time = "2023-10-01T13:50:05.279Z" }
wheels = [
    { url = "https://files.pythonhosted.org/packages/ec/1a/610693ac4ee14fcdf2d9bf3c493370e4f2ef7ae2e19217d7a237ff42367d/packaging-23.2-py3-none-any.whl", hash = "sha256:8c491190033a9af7e1d931d0b5dacc2ef47509b34dd0de67ed209b5203fc88c7", size = 53011, upload-time = "2023-10-01T13:50:03.745Z" },
]

[[package]]
name = "paginate"
version = "0.5.6"
source = { registry = "https://pypi.org/simple" }
sdist = { url = "https://files.pythonhosted.org/packages/68/58/e670a947136fdcece8ac5376b3df1369d29e4f6659b0c9b358605b115e9e/paginate-0.5.6.tar.gz", hash = "sha256:5e6007b6a9398177a7e1648d04fdd9f8c9766a1a945bceac82f1929e8c78af2d", size = 12840, upload-time = "2016-11-22T12:54:04.503Z" }

[[package]]
name = "pathspec"
version = "0.12.1"
source = { registry = "https://pypi.org/simple" }
sdist = { url = "https://files.pythonhosted.org/packages/ca/bc/f35b8446f4531a7cb215605d100cd88b7ac6f44ab3fc94870c120ab3adbf/pathspec-0.12.1.tar.gz", hash = "sha256:a482d51503a1ab33b1c67a6c3813a26953dbdc71c31dacaef9a838c4e29f5712", size = 51043, upload-time = "2023-12-10T22:30:45Z" }
wheels = [
    { url = "https://files.pythonhosted.org/packages/cc/20/ff623b09d963f88bfde16306a54e12ee5ea43e9b597108672ff3a408aad6/pathspec-0.12.1-py3-none-any.whl", hash = "sha256:a0d503e138a4c123b27490a4f7beda6a01c6f288df0e4a8b79c7eb0dc7b4cc08", size = 31191, upload-time = "2023-12-10T22:30:43.14Z" },
]

[[package]]
name = "platformdirs"
version = "4.1.0"
source = { registry = "https://pypi.org/simple" }
sdist = { url = "https://files.pythonhosted.org/packages/62/d1/7feaaacb1a3faeba96c06e6c5091f90695cc0f94b7e8e1a3a3fe2b33ff9a/platformdirs-4.1.0.tar.gz", hash = "sha256:906d548203468492d432bcb294d4bc2fff751bf84971fbb2c10918cc206ee420", size = 19760, upload-time = "2023-12-04T15:32:15.925Z" }
wheels = [
    { url = "https://files.pythonhosted.org/packages/be/53/42fe5eab4a09d251a76d0043e018172db324a23fcdac70f77a551c11f618/platformdirs-4.1.0-py3-none-any.whl", hash = "sha256:11c8f37bcca40db96d8144522d925583bdb7a31f7b0e37e3ed4318400a8e2380", size = 17420, upload-time = "2023-12-04T15:32:13.795Z" },
]

[[package]]
name = "pygments"
version = "2.17.2"
source = { registry = "https://pypi.org/simple" }
sdist = { url = "https://files.pythonhosted.org/packages/55/59/8bccf4157baf25e4aa5a0bb7fa3ba8600907de105ebc22b0c78cfbf6f565/pygments-2.17.2.tar.gz", hash = "sha256:da46cec9fd2de5be3a8a784f434e4c4ab670b4ff54d605c4c2717e9d49c4c367", size = 4827772, upload-time = "2023-11-21T20:43:53.875Z" }
wheels = [
    { url = "https://files.pythonhosted.org/packages/97/9c/372fef8377a6e340b1704768d20daaded98bf13282b5327beb2e2fe2c7ef/pygments-2.17.2-py3-none-any.whl", hash = "sha256:b27c2826c47d0f3219f29554824c30c5e8945175d888647acd804ddd04af846c", size = 1179756, upload-time = "2023-11-21T20:43:49.423Z" },
]

[[package]]
name = "pymdown-extensions"
version = "10.7"
source = { registry = "https://pypi.org/simple" }
dependencies = [
    { name = "markdown" },
    { name = "pyyaml" },
]
sdist = { url = "https://files.pythonhosted.org/packages/6e/80/d973f39f614fd148f7f67ce457198d30d70eff93447b55bd964720c5f16b/pymdown_extensions-10.7.tar.gz", hash = "sha256:c0d64d5cf62566f59e6b2b690a4095c931107c250a8c8e1351c1de5f6b036deb", size = 811535, upload-time = "2023-12-30T23:11:54.706Z" }
wheels = [
    { url = "https://files.pythonhosted.org/packages/9f/08/d34528eaafe5521449aaedd897a0422b88ac311276384b162f6a65518008/pymdown_extensions-10.7-py3-none-any.whl", hash = "sha256:6ca215bc57bc12bf32b414887a68b810637d039124ed9b2e5bd3325cbb2c050c", size = 250768, upload-time = "2023-12-30T23:11:52.304Z" },
]

[[package]]
name = "pyparsing"
version = "3.1.1"
source = { registry = "https://pypi.org/simple" }
sdist = { url = "https://files.pythonhosted.org/packages/37/fe/65c989f70bd630b589adfbbcd6ed238af22319e90f059946c26b4835e44b/pyparsing-3.1.1.tar.gz", hash = "sha256:ede28a1a32462f5a9705e07aea48001a08f7cf81a021585011deba701581a0db", size = 884814, upload-time = "2023-07-30T15:07:02.617Z" }
wheels = [
    { url = "https://files.pythonhosted.org/packages/39/92/8486ede85fcc088f1b3dba4ce92dd29d126fd96b0008ea213167940a2475/pyparsing-3.1.1-py3-none-any.whl", hash = "sha256:32c7c0b711493c72ff18a981d24f28aaf9c1fb7ed5e9667c9e84e3db623bdbfb", size = 103139, upload-time = "2023-07-30T15:06:59.829Z" },
]

[[package]]
name = "python-dateutil"
version = "2.8.2"
source = { registry = "https://pypi.org/simple" }
dependencies = [
    { name = "six" },
]
sdist = { url = "https://files.pythonhosted.org/packages/4c/c4/13b4776ea2d76c115c1d1b84579f3764ee6d57204f6be27119f13a61d0a9/python-dateutil-2.8.2.tar.gz", hash = "sha256:0123cacc1627ae19ddf3c27a5de5bd67ee4586fbdd6440d9748f8abb483d3e86", size = 357324, upload-time = "2021-07-14T08:19:19.783Z" }
wheels = [
    { url = "https://files.pythonhosted.org/packages/36/7a/87837f39d0296e723bb9b62bbb257d0355c7f6128853c78955f57342a56d/python_dateutil-2.8.2-py2.py3-none-any.whl", hash = "sha256:961d03dc3453ebbc59dbdea9e4e11c5651520a876d0f4db161e8674aae935da9", size = 247702, upload-time = "2021-07-14T08:19:18.161Z" },
]

[[package]]
name = "pyyaml"
version = "6.0.1"
source = { registry = "https://pypi.org/simple" }
sdist = { url = "https://files.pythonhosted.org/packages/cd/e5/af35f7ea75cf72f2cd079c95ee16797de7cd71f29ea7c68ae5ce7be1eda0/PyYAML-6.0.1.tar.gz", hash = "sha256:bfdf460b1736c775f2ba9f6a92bca30bc2095067b8a9d77876d1fad6cc3b4a43", size = 125201, upload-time = "2023-07-18T00:00:23.308Z" }

[[package]]
name = "pyyaml-env-tag"
version = "0.1"
source = { registry = "https://pypi.org/simple" }
dependencies = [
    { name = "pyyaml" },
]
sdist = { url = "https://files.pythonhosted.org/packages/fb/8e/da1c6c58f751b70f8ceb1eb25bc25d524e8f14fe16edcce3f4e3ba08629c/pyyaml_env_tag-0.1.tar.gz", hash = "sha256:70092675bda14fdec33b31ba77e7543de9ddc88f2e5b99160396572d11525bdb", size = 5631, upload-time = "2020-11-12T02:38:26.239Z" }
wheels = [
    { url = "https://files.pythonhosted.org/packages/5a/66/bbb1dd374f5c870f59c5bb1db0e18cbe7fa739415a24cbd95b2d1f5ae0c4/pyyaml_env_tag-0.1-py3-none-any.whl", hash = "sha256:af31106dec8a4d68c60207c1886031cbf839b68aa7abccdb19868200532c2069", size = 3911, upload-time = "2020-11-12T02:38:24.638Z" },
]

[[package]]
name = "regex"
version = "2023.12.25"
source = { registry = "https://pypi.org/simple" }
sdist = { url = "https://files.pythonhosted.org/packages/b5/39/31626e7e75b187fae7f121af3c538a991e725c744ac893cc2cfd70ce2853/regex-2023.12.25.tar.gz", hash = "sha256:29171aa128da69afdf4bde412d5bedc335f2ca8fcfe4489038577d05f16181e5", size = 394706, upload-time = "2023-12-24T02:48:23.847Z" }

[[package]]
name = "requests"
version = "2.31.0"
source = { registry = "https://pypi.org/simple" }
dependencies = [
    { name = "certifi" },
    { name = "charset-normalizer" },
    { name = "idna" },
    { name = "urllib3" },
]
sdist = { url = "https://files.pythonhosted.org/packages/9d/be/10918a2eac4ae9f02f6cfe6414b7a155ccd8f7f9d4380d62fd5b955065c3/requests-2.31.0.tar.gz", hash = "sha256:942c5a758f98d790eaed1a29cb6eefc7ffb0d1cf7af05c3d2791656dbd6ad1e1", size = 110794, upload-time = "2023-05-22T15:12:44.175Z" }
wheels = [
    { url = "https://files.pythonhosted.org/packages/70/8e/0e2d847013cb52cd35b38c009bb167a1a26b2ce6cd6965bf26b47bc0bf44/requests-2.31.0-py3-none-any.whl", hash = "sha256:58cd2187c01e70e6e26505bca751777aa9f2ee0b7f4300988b709f44e013003f", size = 62574, upload-time = "2023-05-22T15:12:42.313Z" },
]

[[package]]
name = "six"
version = "1.16.0"
source = { registry = "https://pypi.org/simple" }
sdist = { url = "https://files.pythonhosted.org/packages/71/39/171f1c67cd00715f190ba0b100d606d440a28c93c7714febeca8b79af85e/six-1.16.0.tar.gz", hash = "sha256:1e61c37477a1626458e36f7b1d82aa5c9b094fa4802892072e49de9c60c4c926", size = 34041, upload-time = "2021-05-05T14:18:18.379Z" }
wheels = [
    { url = "https://files.pythonhosted.org/packages/d9/5a/e7c31adbe875f2abbb91bd84cf2dc52d792b5a01506781dbcf25c91daf11/six-1.16.0-py2.py3-none-any.whl", hash = "sha256:8abb2f1d86890a2dfb989f9a77cfcfd3e47c2a354b01111771326f8aa26e0254", size = 11053, upload-time = "2021-05-05T14:18:17.237Z" },
]

[[package]]
name = "smmap"
version = "5.0.1"
source = { registry = "https://pypi.org/simple" }
sdist = { url = "https://files.pythonhosted.org/packages/88/04/b5bf6d21dc4041000ccba7eb17dd3055feb237e7ffc2c20d3fae3af62baa/smmap-5.0.1.tar.gz", hash = "sha256:dceeb6c0028fdb6734471eb07c0cd2aae706ccaecab45965ee83f11c8d3b1f62", size = 22291, upload-time = "2023-09-17T11:35:05.241Z" }
wheels = [
    { url = "https://files.pythonhosted.org/packages/a7/a5/10f97f73544edcdef54409f1d839f6049a0d79df68adbc1ceb24d1aaca42/smmap-5.0.1-py3-none-any.whl", hash = "sha256:e6d8668fa5f93e706934a62d7b4db19c8d9eb8cf2adbb75ef1b675aa332b69da", size = 24282, upload-time = "2023-09-17T11:35:03.253Z" },
]

[[package]]
name = "tzdata"
version = "2023.4"
source = { registry = "https://pypi.org/simple" }
sdist = { url = "https://files.pythonhosted.org/packages/4d/60/acd18ca928cc20eace3497b616b6adb8ce1abc810dd4b1a22bc6bdefac92/tzdata-2023.4.tar.gz", hash = "sha256:dd54c94f294765522c77399649b4fefd95522479a664a0cec87f41bebc6148c9", size = 191298, upload-time = "2023-12-29T15:52:43.367Z" }
wheels = [
    { url = "https://files.pythonhosted.org/packages/a3/fb/52b62131e21b24ee297e4e95ed41eba29647dad0e0051a92bb66b43c70ff/tzdata-2023.4-py2.py3-none-any.whl", hash = "sha256:aa3ace4329eeacda5b7beb7ea08ece826c28d761cda36e747cfbf97996d39bf3", size = 346564, upload-time = "2023-12-29T15:52:41.287Z" },
]

[[package]]
name = "urllib3"
version = "2.1.0"
source = { registry = "https://pypi.org/simple" }
sdist = { url = "https://files.pythonhosted.org/packages/36/dd/a6b232f449e1bc71802a5b7950dc3675d32c6dbc2a1bd6d71f065551adb6/urllib3-2.1.0.tar.gz", hash = "sha256:df7aa8afb0148fa78488e7899b2c59b5f4ffcfa82e6c54ccb9dd37c1d7b52d54", size = 263900, upload-time = "2023-11-13T12:29:45.049Z" }
wheels = [
    { url = "https://files.pythonhosted.org/packages/96/94/c31f58c7a7f470d5665935262ebd7455c7e4c7782eb525658d3dbf4b9403/urllib3-2.1.0-py3-none-any.whl", hash = "sha256:55901e917a5896a349ff771be919f8bd99aff50b79fe58fec595eb37bbc56bb3", size = 104579, upload-time = "2023-11-13T12:29:42.719Z" },
]

[[package]]
name = "verspec"
version = "0.1.0"
source = { registry = "https://pypi.org/simple" }
sdist = { url = "https://files.pythonhosted.org/packages/e7/44/8126f9f0c44319b2efc65feaad589cadef4d77ece200ae3c9133d58464d0/verspec-0.1.0.tar.gz", hash = "sha256:c4504ca697b2056cdb4bfa7121461f5a0e81809255b41c03dda4ba823637c01e", size = 27123, upload-time = "2020-11-30T02:24:09.646Z" }
wheels = [
    { url = "https://files.pythonhosted.org/packages/a4/ce/3b6fee91c85626eaf769d617f1be9d2e15c1cca027bbdeb2e0d751469355/verspec-0.1.0-py3-none-any.whl", hash = "sha256:741877d5633cc9464c45a469ae2a31e801e6dbbaa85b9675d481cda100f11c31", size = 19640, upload-time = "2020-11-30T02:24:08.387Z" },
]

[[package]]
name = "watchdog"
version = "3.0.0"
source = { registry = "https://pypi.org/simple" }
sdist = { url = "https://files.pythonhosted.org/packages/95/a6/d6ef450393dac5734c63c40a131f66808d2e6f59f6165ab38c98fbe4e6ec/watchdog-3.0.0.tar.gz", hash = "sha256:4d98a320595da7a7c5a18fc48cb633c2e73cda78f93cac2ef42d42bf609a33f9", size = 124593, upload-time = "2023-03-20T09:21:11.367Z" }
wheels = [
    { url = "https://files.pythonhosted.org/packages/92/28/631872d7fbc45527037060db8c838b47a129a6c09d2297d6dddcfa283cf2/watchdog-3.0.0-py3-none-manylinux2014_aarch64.whl", hash = "sha256:0e06ab8858a76e1219e68c7573dfeba9dd1c0219476c5a44d5333b01d7e1743a", size = 82049, upload-time = "2023-03-20T09:20:53.951Z" },
    { url = "https://files.pythonhosted.org/packages/c0/a2/4e3230bdc1fb878b152a2c66aa941732776f4545bd68135d490591d66713/watchdog-3.0.0-py3-none-manylinux2014_armv7l.whl", hash = "sha256:d00e6be486affb5781468457b21a6cbe848c33ef43f9ea4a73b4882e5f188a44", size = 82049, upload-time = "2023-03-20T09:20:55.583Z" },
    { url = "https://files.pythonhosted.org/packages/21/72/46fd174352cd88b9157ade77e3b8835125d4b1e5186fc7f1e8c44664e029/watchdog-3.0.0-py3-none-manylinux2014_i686.whl", hash = "sha256:c07253088265c363d1ddf4b3cdb808d59a0468ecd017770ed716991620b8f77a", size = 82052, upload-time = "2023-03-20T09:20:57.124Z" },
    { url = "https://files.pythonhosted.org/packages/74/3c/e4b77f4f069aca2b6e35925db7a1aa6cb600dcb52fc3e962284640ca37f3/watchdog-3.0.0-py3-none-manylinux2014_ppc64.whl", hash = "sha256:5113334cf8cf0ac8cd45e1f8309a603291b614191c9add34d33075727a967709", size = 82050, upload-time = "2023-03-20T09:20:58.864Z" },
    { url = "https://files.pythonhosted.org/packages/71/3a/b12740f4f60861240d57b42a2ac6ac0a2821db506c4435f7872c1fad867d/watchdog-3.0.0-py3-none-manylinux2014_ppc64le.whl", hash = "sha256:51f90f73b4697bac9c9a78394c3acbbd331ccd3655c11be1a15ae6fe289a8c83", size = 82050, upload-time = "2023-03-20T09:21:00.452Z" },
    { url = "https://files.pythonhosted.org/packages/40/1b/4e6d3e0f587587931f590531b4ed08070d71a9efb35541d792a68d8ee593/watchdog-3.0.0-py3-none-manylinux2014_s390x.whl", hash = "sha256:ba07e92756c97e3aca0912b5cbc4e5ad802f4557212788e72a72a47ff376950d", size = 82049, upload-time = "2023-03-20T09:21:01.979Z" },
    { url = "https://files.pythonhosted.org/packages/2b/f0/456948b865ab259784f774154e7d65844fa9757522fdb11533fbf8ae7aca/watchdog-3.0.0-py3-none-manylinux2014_x86_64.whl", hash = "sha256:d429c2430c93b7903914e4db9a966c7f2b068dd2ebdd2fa9b9ce094c7d459f33", size = 82051, upload-time = "2023-03-20T09:21:03.67Z" },
    { url = "https://files.pythonhosted.org/packages/55/0d/bfc2a0d425b12444a2dc245a934c065bbb7bd9833fff071cba79c21bb76e/watchdog-3.0.0-py3-none-win32.whl", hash = "sha256:3ed7c71a9dccfe838c2f0b6314ed0d9b22e77d268c67e015450a29036a81f60f", size = 82038, upload-time = "2023-03-20T09:21:05.492Z" },
    { url = "https://files.pythonhosted.org/packages/9b/6e/ce8d124d03cd3f2941365d9c81d62e3afe43f2dc7e6e86274fa9c2ec2d5b/watchdog-3.0.0-py3-none-win_amd64.whl", hash = "sha256:4c9956d27be0bb08fc5f30d9d0179a855436e655f046d288e2bcc11adfae893c", size = 82040, upload-time = "2023-03-20T09:21:07.609Z" },
    { url = "https://files.pythonhosted.org/packages/ba/0c/cd0337069c468f22ef256e768ece74c78b511092f1004ab260268e1af4a9/watchdog-3.0.0-py3-none-win_ia64.whl", hash = "sha256:5d9f3a10e02d7371cd929b5d8f11e87d4bad890212ed3901f9b4d68767bee759", size = 82040, upload-time = "2023-03-20T09:21:09.178Z" },
]

[[package]]
name = "zipp"
version = "3.17.0"
source = { registry = "https://pypi.org/simple" }
sdist = { url = "https://files.pythonhosted.org/packages/58/03/dd5ccf4e06dec9537ecba8fcc67bbd4ea48a2791773e469e73f94c3ba9a6/zipp-3.17.0.tar.gz", hash = "sha256:84e64a1c28cf7e91ed2078bb8cc8c259cb19b76942096c8d7b84947690cabaf0", size = 20367, upload-time = "2023-09-18T15:18:24.671Z" }
wheels = [
    { url = "https://files.pythonhosted.org/packages/d9/66/48866fc6b158c81cc2bfecc04c480f105c6040e8b077bc54c634b4a67926/zipp-3.17.0-py3-none-any.whl", hash = "sha256:0e923e726174922dce09c53c59ad483ff7bbb8e572e00c7f7c46b88556409f31", size = 7396, upload-time = "2023-09-18T15:18:23.146Z" },
]
